
Microsoft Visual Studio Solution File, Format Version 12.00
# Visual Studio 15
VisualStudioVersion = 15.0.27130.2024
MinimumVisualStudioVersion = 10.0.40219.1
Project("{FAE04EC0-301F-11D3-BF4B-00C04F79EFBC}") = "Using4Net", "Using4Net\Using4Net.csproj", "{39281D74-F3B8-4571-B5DB-D594E679054F}"
EndProject
Project("{FAE04EC0-301F-11D3-BF4B-00C04F79EFBC}") = "Using4Net_POC", "Using4Net_POC\Using4Net_POC.csproj", "{48AB829D-D94E-4B90-BDED-9F3BD2298466}"
EndProject
Global
	GlobalSection(SolutionConfigurationPlatforms) = preSolution
		Debug|Any CPU = Debug|Any CPU
		Release|Any CPU = Release|Any CPU
	EndGlobalSection
	GlobalSection(ProjectConfigurationPlatforms) = postSolution
		{39281D74-F3B8-4571-B5DB-D594E679054F}.Debug|Any CPU.ActiveCfg = Debug|Any CPU
		{39281D74-F3B8-4571-B5DB-D594E679054F}.Debug|Any CPU.Build.0 = Debug|Any CPU
		{39281D74-F3B8-4571-B5DB-D594E679054F}.Release|Any CPU.ActiveCfg = Release|Any CPU
		{39281D74-F3B8-4571-B5DB-D594E679054F}.Release|Any CPU.Build.0 = Release|Any CPU
		{48AB829D-D94E-4B90-BDED-9F3BD2298466}.Debug|Any CPU.ActiveCfg = Debug|Any CPU
		{48AB829D-D94E-4B90-BDED-9F3BD2298466}.Debug|Any CPU.Build.0 = Debug|Any CPU
		{48AB829D-D94E-4B90-BDED-9F3BD2298466}.Release|Any CPU.ActiveCfg = Release|Any CPU
		{48AB829D-D94E-4B90-BDED-9F3BD2298466}.Release|Any CPU.Build.0 = Release|Any CPU
	EndGlobalSection
	GlobalSection(SolutionProperties) = preSolution
		HideSolutionNode = FALSE
	EndGlobalSection
	GlobalSection(ExtensibilityGlobals) = postSolution
		SolutionGuid = {F6337159-1465-428A-97F1-B40E70216573}
	EndGlobalSection
EndGlobal
